// !$*UTF8*$!
{
	archiveVersion = 1;
	classes = {
	};
	objectVersion = 50;
	objects = {

/* Begin PBXBuildFile section */
		0416D3B7210AE54900924906 /* AppDelegate.m in Sources */ = {isa = PBXBuildFile; fileRef = 0416D3B6210AE54900924906 /* AppDelegate.m */; };
		0416D3B9210AE54A00924906 /* Assets.xcassets in Resources */ = {isa = PBXBuildFile; fileRef = 0416D3B8210AE54A00924906 /* Assets.xcassets */; };
		0416D3BC210AE54A00924906 /* MainMenu.xib in Resources */ = {isa = PBXBuildFile; fileRef = 0416D3BA210AE54A00924906 /* MainMenu.xib */; };
		0416D3BF210AE54A00924906 /* main.m in Sources */ = {isa = PBXBuildFile; fileRef = 0416D3BE210AE54A00924906 /* main.m */; };
		0416D3CC210AECBC00924906 /* chile-flag.png in Resources */ = {isa = PBXBuildFile; fileRef = 0416D3CB210AECBC00924906 /* chile-flag.png */; };
/* End PBXBuildFile section */

/* Begin PBXFileReference section */
		0416D3B5210AE54900924906 /* AppDelegate.h */ = {isa = PBXFileReference; lastKnownFileType = sourcecode.c.h; path = AppDelegate.h; sourceTree = "<group>"; };
		0416D3B6210AE54900924906 /* AppDelegate.m */ = {isa = PBXFileReference; lastKnownFileType = sourcecode.c.objc; path = AppDelegate.m; sourceTree = "<group>"; };
		0416D3B8210AE54A00924906 /* Assets.xcassets */ = {isa = PBXFileReference; lastKnownFileType = folder.assetcatalog; path = Assets.xcassets; sourceTree = "<group>"; };
		0416D3BB210AE54A00924906 /* Base */ = {isa = PBXFileReference; lastKnownFileType = file.xib; name = Base; path = Base.lproj/MainMenu.xib; sourceTree = "<group>"; };
		0416D3BD210AE54A00924906 /* Info.plist */ = {isa = PBXFileReference; lastKnownFileType = text.plist.xml; path = Info.plist; sourceTree = "<group>"; };
		0416D3BE210AE54A00924906 /* main.m */ = {isa = PBXFileReference; lastKnownFileType = sourcecode.c.objc; path = main.m; sourceTree = "<group>"; };
		0416D3C0210AE54A00924906 /* sample_menu_bar.entitlements */ = {isa = PBXFileReference; lastKnownFileType = text.plist.entitlements; path = sample_menu_bar.entitlements; sourceTree = "<group>"; };
		0416D3CB210AECBC00924906 /* chile-flag.png */ = {isa = PBXFileReference; lastKnownFileType = image.png; path = "chile-flag.png"; sourceTree = "<group>"; };
		0449F29B2117C0DE0029EFAA /* sample-menu-bar.app */ = {isa = PBXFileReference; explicitFileType = wrapper.application; includeInIndex = 0; path = "sample-menu-bar.app"; sourceTree = BUILT_PRODUCTS_DIR; };
/* End PBXFileReference section */

/* Begin PBXFrameworksBuildPhase section */
		0416D3AF210AE54900924906 /* Frameworks */ = {
			isa = PBXFrameworksBuildPhase;
			buildActionMask = 2147483647;
			files = (
			);
			runOnlyForDeploymentPostprocessing = 0;
		};
/* End PBXFrameworksBuildPhase section */

/* Begin PBXGroup section */
		0416D3A9210AE54900924906 = {
			isa = PBXGroup;
			children = (
				0416D3B4210AE54900924906 /* sample-menu-bar */,
				0449F29B2117C0DE0029EFAA /* sample-menu-bar.app */,
			);
			sourceTree = "<group>";
		};
		0416D3B4210AE54900924906 /* sample-menu-bar */ = {
			isa = PBXGroup;
			children = (
				0416D3B5210AE54900924906 /* AppDelegate.h */,
				0416D3B6210AE54900924906 /* AppDelegate.m */,
				0416D3B8210AE54A00924906 /* Assets.xcassets */,
				0416D3BA210AE54A00924906 /* MainMenu.xib */,
				0416D3BD210AE54A00924906 /* Info.plist */,
				0416D3BE210AE54A00924906 /* main.m */,
				0416D3CB210AECBC00924906 /* chile-flag.png */,
				0416D3C0210AE54A00924906 /* sample_menu_bar.entitlements */,
			);
			path = "sample-menu-bar";
			sourceTree = "<group>";
		};
/* End PBXGroup section */

/* Begin PBXNativeTarget section */
		0416D3B1210AE54900924906 /* sample-menu-bar */ = {
			isa = PBXNativeTarget;
			buildConfigurationList = 0416D3C3210AE54A00924906 /* Build configuration list for PBXNativeTarget "sample-menu-bar" */;
			buildPhases = (
				0416D3AE210AE54900924906 /* Sources */,
				0416D3AF210AE54900924906 /* Frameworks */,
				0416D3B0210AE54900924906 /* Resources */,
			);
			buildRules = (
			);
			dependencies = (
			);
			name = "sample-menu-bar";
			productName = "sample-menu-bar";
			productReference = 0449F29B2117C0DE0029EFAA /* sample-menu-bar.app */;
			productType = "com.apple.product-type.application";
		};
/* End PBXNativeTarget section */

/* Begin PBXProject section */
		0416D3AA210AE54900924906 /* Project object */ = {
			isa = PBXProject;
			attributes = {
				LastUpgradeCheck = 0940;
				ORGANIZATIONNAME = "Héctor";
				TargetAttributes = {
					0416D3B1210AE54900924906 = {
						CreatedOnToolsVersion = 9.4.1;
					};
				};
			};
			buildConfigurationList = 0416D3AD210AE54900924906 /* Build configuration list for PBXProject "sample-menu-bar" */;
			compatibilityVersion = "Xcode 9.3";
			developmentRegion = en;
			hasScannedForEncodings = 0;
			knownRegions = (
				en,
				Base,
			);
			mainGroup = 0416D3A9210AE54900924906;
			productRefGroup = 0416D3A9210AE54900924906;
			projectDirPath = "";
			projectRoot = "";
			targets = (
				0416D3B1210AE54900924906 /* sample-menu-bar */,
			);
		};
/* End PBXProject section */

/* Begin PBXResourcesBuildPhase section */
		0416D3B0210AE54900924906 /* Resources */ = {
			isa = PBXResourcesBuildPhase;
			buildActionMask = 2147483647;
			files = (
				0416D3B9210AE54A00924906 /* Assets.xcassets in Resources */,
				0416D3CC210AECBC00924906 /* chile-flag.png in Resources */,
				0416D3BC210AE54A00924906 /* MainMenu.xib in Resources */,
			);
			runOnlyForDeploymentPostprocessing = 0;
		};
/* End PBXResourcesBuildPhase section */

/* Begin PBXSourcesBuildPhase section */
		0416D3AE210AE54900924906 /* Sources */ = {
			isa = PBXSourcesBuildPhase;
			buildActionMask = 2147483647;
			files = (
				0416D3BF210AE54A00924906 /* main.m in Sources */,
				0416D3B7210AE54900924906 /* AppDelegate.m in Sources */,
			);
			runOnlyForDeploymentPostprocessing = 0;
		};
/* End PBXSourcesBuildPhase section */

/* Begin PBXVariantGroup section */
		0416D3BA210AE54A00924906 /* MainMenu.xib */ = {
			isa = PBXVariantGroup;
			children = (
				0416D3BB210AE54A00924906 /* Base */,
			);
			name = MainMenu.xib;
			sourceTree = "<group>";
		};
/* End PBXVariantGroup section */

/* Begin XCBuildConfiguration section */
		0416D3C1210AE54A00924906 /* Debug */ = {
			isa = XCBuildConfiguration;
			buildSettings = {
				ALWAYS_SEARCH_USER_PATHS = NO;
				CLANG_ANALYZER_NONNULL = YES;
				CLANG_ANALYZER_NUMBER_OBJECT_CONVERSION = YES_AGGRESSIVE;
				CLANG_CXX_LANGUAGE_STANDARD = "gnu++14";
				CLANG_CXX_LIBRARY = "libc++";
				CLANG_ENABLE_MODULES = YES;
				CLANG_ENABLE_OBJC_ARC = YES;
				CLANG_ENABLE_OBJC_WEAK = YES;
				CLANG_WARN_BLOCK_CAPTURE_AUTORELEASING = YES;
				CLANG_WARN_BOOL_CONVERSION = YES;
				CLANG_WARN_COMMA = YES;
				CLANG_WARN_CONSTANT_CONVERSION = YES;
				CLANG_WARN_DEPRECATED_OBJC_IMPLEMENTATIONS = YES;
				CLANG_WARN_DIRECT_OBJC_ISA_USAGE = YES_ERROR;
				CLANG_WARN_DOCUMENTATION_COMMENTS = YES;
				CLANG_WARN_EMPTY_BODY = YES;
				CLANG_WARN_ENUM_CONVERSION = YES;
				CLANG_WARN_INFINITE_RECURSION = YES;
				CLANG_WARN_INT_CONVERSION = YES;
				CLANG_WARN_NON_LITERAL_NULL_CONVERSION = YES;
				CLANG_WARN_OBJC_IMPLICIT_RETAIN_SELF = YES;
				CLANG_WARN_OBJC_LITERAL_CONVERSION = YES;
				CLANG_WARN_OBJC_ROOT_CLASS = YES_ERROR;
				CLANG_WARN_RANGE_LOOP_ANALYSIS = YES;
				CLANG_WARN_STRICT_PROTOTYPES = YES;
				CLANG_WARN_SUSPICIOUS_MOVE = YES;
				CLANG_WARN_UNGUARDED_AVAILABILITY = YES_AGGRESSIVE;
				CLANG_WARN_UNREACHABLE_CODE = YES;
				CLANG_WARN__DUPLICATE_METHOD_MATCH = YES;
				CODE_SIGN_IDENTITY = "-";
				COPY_PHASE_STRIP = NO;
				DEBUG_INFORMATION_FORMAT = dwarf;
				ENABLE_STRICT_OBJC_MSGSEND = YES;
				ENABLE_TESTABILITY = YES;
				GCC_C_LANGUAGE_STANDARD = gnu11;
				GCC_DYNAMIC_NO_PIC = NO;
				GCC_NO_COMMON_BLOCKS = YES;
				GCC_OPTIMIZATION_LEVEL = 0;
				GCC_PREPROCESSOR_DEFINITIONS = (
					"DEBUG=1",
					"$(inherited)",
				);
				GCC_WARN_64_TO_32_BIT_CONVERSION = YES;
				GCC_WARN_ABOUT_RETURN_TYPE = YES_ERROR;
				GCC_WARN_UNDECLARED_SELECTOR = YES;
				GCC_WARN_UNINITIALIZED_AUTOS = YES_AGGRESSIVE;
				GCC_WARN_UNUSED_FUNCTION = YES;
				GCC_WARN_UNUSED_VARIABLE = YES;
				MACOSX_DEPLOYMENT_TARGET = 10.13;
				MTL_ENABLE_DEBUG_INFO = YES;
				ONLY_ACTIVE_ARCH = YES;
				SDKROOT = macosx;
			};
			name = Debug;
		};
		0416D3C2210AE54A00924906 /* Release */ = {
			isa = XCBuildConfiguration;
			buildSettings = {
				ALWAYS_SEARCH_USER_PATHS = NO;
				CLANG_ANALYZER_NONNULL = YES;
				CLANG_ANALYZER_NUMBER_OBJECT_CONVERSION = YES_AGGRESSIVE;
				CLANG_CXX_LANGUAGE_STANDARD = "gnu++14";
				CLANG_CXX_LIBRARY = "libc++";
				CLANG_ENABLE_MODULES = YES;
				CLANG_ENABLE_OBJC_ARC = YES;
				CLANG_ENABLE_OBJC_WEAK = YES;
				CLANG_WARN_BLOCK_CAPTURE_AUTORELEASING = YES;
				CLANG_WARN_BOOL_CONVERSION = YES;
				CLANG_WARN_COMMA = YES;
				CLANG_WARN_CONSTANT_CONVERSION = YES;
				CLANG_WARN_DEPRECATED_OBJC_IMPLEMENTATIONS = YES;
				CLANG_WARN_DIRECT_OBJC_ISA_USAGE = YES_ERROR;
				CLANG_WARN_DOCUMENTATION_COMMENTS = YES;
				CLANG_WARN_EMPTY_BODY = YES;
				CLANG_WARN_ENUM_CONVERSION = YES;
				CLANG_WARN_INFINITE_RECURSION = YES;
				CLANG_WARN_INT_CONVERSION = YES;
				CLANG_WARN_NON_LITERAL_NULL_CONVERSION = YES;
				CLANG_WARN_OBJC_IMPLICIT_RETAIN_SELF = YES;
				CLANG_WARN_OBJC_LITERAL_CONVERSION = YES;
				CLANG_WARN_OBJC_ROOT_CLASS = YES_ERROR;
				CLANG_WARN_RANGE_LOOP_ANALYSIS = YES;
				CLANG_WARN_STRICT_PROTOTYPES = YES;
				CLANG_WARN_SUSPICIOUS_MOVE = YES;
				CLANG_WARN_UNGUARDED_AVAILABILITY = YES_AGGRESSIVE;
				CLANG_WARN_UNREACHABLE_CODE = YES;
				CLANG_WARN__DUPLICATE_METHOD_MATCH = YES;
				CODE_SIGN_IDENTITY = "-";
				COPY_PHASE_STRIP = NO;
				DEBUG_INFORMATION_FORMAT = "dwarf-with-dsym";
				ENABLE_NS_ASSERTIONS = NO;
				ENABLE_STRICT_OBJC_MSGSEND = YES;
				GCC_C_LANGUAGE_STANDARD = gnu11;
				GCC_NO_COMMON_BLOCKS = YES;
				GCC_WARN_64_TO_32_BIT_CONVERSION = YES;
				GCC_WARN_ABOUT_RETURN_TYPE = YES_ERROR;
				GCC_WARN_UNDECLARED_SELECTOR = YES;
				GCC_WARN_UNINITIALIZED_AUTOS = YES_AGGRESSIVE;
				GCC_WARN_UNUSED_FUNCTION = YES;
				GCC_WARN_UNUSED_VARIABLE = YES;
				MACOSX_DEPLOYMENT_TARGET = 10.13;
				MTL_ENABLE_DEBUG_INFO = NO;
				SDKROOT = macosx;
			};
			name = Release;
		};
		0416D3C4210AE54A00924906 /* Debug */ = {
			isa = XCBuildConfiguration;
			buildSettings = {
				ASSETCATALOG_COMPILER_APPICON_NAME = AppIcon;
				CODE_SIGN_ENTITLEMENTS = "sample-menu-bar/sample_menu_bar.entitlements";
				CODE_SIGN_STYLE = Automatic;
				COMBINE_HIDPI_IMAGES = YES;
				DEVELOPMENT_TEAM = MDM9RR6Z83;
				INFOPLIST_FILE = "sample-menu-bar/Info.plist";
				LD_RUNPATH_SEARCH_PATHS = (
					"$(inherited)",
					"@executable_path/../Frameworks",
				);
				PRODUCT_BUNDLE_IDENTIFIER = "cl.hcarrasco.apps.sample-menu-bar";
				PRODUCT_NAME = "$(TARGET_NAME)";
			};
			name = Debug;
		};
		0416D3C5210AE54A00924906 /* Release */ = {
			isa = XCBuildConfiguration;
			buildSettings = {
				ASSETCATALOG_COMPILER_APPICON_NAME = AppIcon;
				CODE_SIGN_ENTITLEMENTS = "sample-menu-bar/sample_menu_bar.entitlements";
				CODE_SIGN_STYLE = Automatic;
				COMBINE_HIDPI_IMAGES = YES;
				DEVELOPMENT_TEAM = MDM9RR6Z83;
				INFOPLIST_FILE = "sample-menu-bar/Info.plist";
				LD_RUNPATH_SEARCH_PATHS = (
					"$(inherited)",
					"@executable_path/../Frameworks",
				);
				PRODUCT_BUNDLE_IDENTIFIER = "cl.hcarrasco.apps.sample-menu-bar";
				PRODUCT_NAME = "$(TARGET_NAME)";
			};
			name = Release;
		};
/* End XCBuildConfiguration section */

/* Begin XCConfigurationList section */
		0416D3AD210AE54900924906 /* Build configuration list for PBXProject "sample-menu-bar" */ = {
			isa = XCConfigurationList;
			buildConfigurations = (
				0416D3C1210AE54A00924906 /* Debug */,
				0416D3C2210AE54A00924906 /* Release */,
			);
			defaultConfigurationIsVisible = 0;
			defaultConfigurationName = Release;
		};
		0416D3C3210AE54A00924906 /* Build configuration list for PBXNativeTarget "sample-menu-bar" */ = {
			isa = XCConfigurationList;
			buildConfigurations = (
				0416D3C4210AE54A00924906 /* Debug */,
				0416D3C5210AE54A00924906 /* Release */,
			);
			defaultConfigurationIsVisible = 0;
			defaultConfigurationName = Release;
		};
/* End XCConfigurationList section */
	};
	rootObject = 0416D3AA210AE54900924906 /* Project object */;
}
